{
  "name": "gym-goer",
  "version": "0.0.1",
  "lockfileVersion": 2,
  "requires": true,
  "packages": {
    "": {
      "name": "gym-goer",
      "version": "0.0.1",
      "dependencies": {
        "@react-native-async-storage/async-storage": "*",
        "@react-navigation/native": "^6.1.3",
        "@react-navigation/native-stack": "^6.9.9",
        "@testing-library/jest-native": "*",
        "@testing-library/react-native": "*",
        "react": "*",
        "react-native": "*",
        "react-native-config": "*",
        "react-native-safe-area-context": "^4.5.0",
        "react-native-screens": "^3.19.0",
        "react-native-svg": "*"
      }
    },
    "node_modules/@jest/schemas": {
      "version": "29.4.0",
      "license": "MIT",
      "dependencies": {
        "@sinclair/typebox": "^0.25.16"
      },
      "engines": {
        "node": "^14.15.0 || ^16.10.0 || >=18.0.0"
      }
    },
    "node_modules/@react-native-async-storage/async-storage": {
      "version": "1.17.11",
      "license": "MIT",
      "dependencies": {
        "merge-options": "^3.0.4"
      },
      "peerDependencies": {
        "react-native": "^0.0.0-0 || 0.60 - 0.71 || 1000.0.0"
      }
    },
    "node_modules/@react-navigation/core": {
      "version": "6.4.6",
      "resolved": "https://registry.npmjs.org/@react-navigation/core/-/core-6.4.6.tgz",
      "integrity": "sha512-6zaAgUT5k4vhJlddUk2l52RZyMkMelHdrRv1cL57ALi2RZzERdgmbiMKhJerxFLn9S8E3PUe8vwxHzjHOZKG4w==",
      "dependencies": {
        "@react-navigation/routers": "^6.1.6",
        "escape-string-regexp": "^4.0.0",
        "nanoid": "^3.1.23",
        "query-string": "^7.1.3",
        "react-is": "^16.13.0",
        "use-latest-callback": "^0.1.5"
      },
      "peerDependencies": {
        "react": "*"
      }
    },
    "node_modules/@react-navigation/elements": {
      "version": "1.3.14",
      "resolved": "https://registry.npmjs.org/@react-navigation/elements/-/elements-1.3.14.tgz",
      "integrity": "sha512-RBbPhYq+KNFPAkWPaHB9gypq0jTGp/0fkMwRLToJ8jkLtWG4LV+JoQ/erFQnVARkR3Q807n0VnES15EYP4ITMQ==",
      "peerDependencies": {
        "@react-navigation/native": "^6.0.0",
        "react": "*",
        "react-native": "*",
        "react-native-safe-area-context": ">= 3.0.0"
      }
    },
    "node_modules/@react-navigation/native": {
      "version": "6.1.3",
      "resolved": "https://registry.npmjs.org/@react-navigation/native/-/native-6.1.3.tgz",
      "integrity": "sha512-DB5FyG6aqGfcjjVozljF5NEkjWaSymIbQHfWwsjL0YrvC1gfc7E53QXDOjxZ/wfbCo8qZs8RIC/LAgclP2YK/w==",
      "dependencies": {
        "@react-navigation/core": "^6.4.6",
        "escape-string-regexp": "^4.0.0",
        "fast-deep-equal": "^3.1.3",
        "nanoid": "^3.1.23"
      },
      "peerDependencies": {
        "react": "*",
        "react-native": "*"
      }
    },
    "node_modules/@react-navigation/native-stack": {
      "version": "6.9.9",
      "resolved": "https://registry.npmjs.org/@react-navigation/native-stack/-/native-stack-6.9.9.tgz",
      "integrity": "sha512-FIbTCEjqAt6guQ90lKIDvOfTo5vtKGG+aQTtHMdTV9JLGnS6gFsBgXmv5hvWLkyd426Nc04mpZXPTK7d80v/LQ==",
      "dependencies": {
        "@react-navigation/elements": "^1.3.14",
        "warn-once": "^0.1.0"
      },
      "peerDependencies": {
        "@react-navigation/native": "^6.0.0",
        "react": "*",
        "react-native": "*",
        "react-native-safe-area-context": ">= 3.0.0",
        "react-native-screens": ">= 3.0.0"
      }
    },
    "node_modules/@react-navigation/routers": {
      "version": "6.1.6",
      "resolved": "https://registry.npmjs.org/@react-navigation/routers/-/routers-6.1.6.tgz",
      "integrity": "sha512-Z5DeCW3pUvMafbU9Cjy1qJYC2Bvl8iy3+PfsB0DsAwQ6zZ3WAXW5FTMX4Gb9H+Jg6qHWGbMFFwlYpS3UJ3tlVQ==",
      "dependencies": {
        "nanoid": "^3.1.23"
      }
    },
    "node_modules/@sinclair/typebox": {
      "version": "0.25.21",
      "license": "MIT"
    },
    "node_modules/@testing-library/jest-native": {
      "version": "5.4.1",
      "license": "MIT",
      "dependencies": {
        "chalk": "^4.1.2",
        "jest-diff": "^29.0.1",
        "jest-matcher-utils": "^29.0.1",
        "pretty-format": "^29.0.3",
        "redent": "^3.0.0"
      },
      "peerDependencies": {
        "react": ">=16.0.0",
        "react-native": ">=0.59",
        "react-test-renderer": ">=16.0.0"
      }
    },
    "node_modules/@testing-library/react-native": {
      "version": "11.5.1",
      "license": "MIT",
      "dependencies": {
        "pretty-format": "^29.4.0"
      },
      "peerDependencies": {
        "jest": ">=28.0.0",
        "react": ">=16.8.0",
        "react-native": ">=0.59",
        "react-test-renderer": ">=16.8.0"
      },
      "peerDependenciesMeta": {
        "jest": {
          "optional": true
        }
      }
    },
    "node_modules/ansi-styles": {
      "version": "4.3.0",
      "license": "MIT",
      "dependencies": {
        "color-convert": "^2.0.1"
      },
      "engines": {
        "node": ">=8"
      },
      "funding": {
        "url": "https://github.com/chalk/ansi-styles?sponsor=1"
      }
    },
    "node_modules/boolbase": {
      "version": "1.0.0",
      "license": "ISC"
    },
    "node_modules/chalk": {
      "version": "4.1.2",
      "license": "MIT",
      "dependencies": {
        "ansi-styles": "^4.1.0",
        "supports-color": "^7.1.0"
      },
      "engines": {
        "node": ">=10"
      },
      "funding": {
        "url": "https://github.com/chalk/chalk?sponsor=1"
      }
    },
    "node_modules/color-convert": {
      "version": "2.0.1",
      "license": "MIT",
      "dependencies": {
        "color-name": "~1.1.4"
      },
      "engines": {
        "node": ">=7.0.0"
      }
    },
    "node_modules/color-name": {
      "version": "1.1.4",
      "license": "MIT"
    },
    "node_modules/css-select": {
      "version": "5.1.0",
      "license": "BSD-2-Clause",
      "dependencies": {
        "boolbase": "^1.0.0",
        "css-what": "^6.1.0",
        "domhandler": "^5.0.2",
        "domutils": "^3.0.1",
        "nth-check": "^2.0.1"
      },
      "funding": {
        "url": "https://github.com/sponsors/fb55"
      }
    },
    "node_modules/css-tree": {
      "version": "1.1.3",
      "license": "MIT",
      "dependencies": {
        "mdn-data": "2.0.14",
        "source-map": "^0.6.1"
      },
      "engines": {
        "node": ">=8.0.0"
      }
    },
    "node_modules/css-tree/node_modules/source-map": {
      "version": "0.6.1",
      "license": "BSD-3-Clause",
      "engines": {
        "node": ">=0.10.0"
      }
    },
    "node_modules/css-what": {
      "version": "6.1.0",
      "license": "BSD-2-Clause",
      "engines": {
        "node": ">= 6"
      },
      "funding": {
        "url": "https://github.com/sponsors/fb55"
      }
    },
    "node_modules/decode-uri-component": {
      "version": "0.2.2",
      "license": "MIT",
      "engines": {
        "node": ">=0.10"
      }
    },
    "node_modules/diff-sequences": {
      "version": "29.3.1",
      "license": "MIT",
      "engines": {
        "node": "^14.15.0 || ^16.10.0 || >=18.0.0"
      }
    },
    "node_modules/dom-serializer": {
      "version": "2.0.0",
      "license": "MIT",
      "dependencies": {
        "domelementtype": "^2.3.0",
        "domhandler": "^5.0.2",
        "entities": "^4.2.0"
      },
      "funding": {
        "url": "https://github.com/cheeriojs/dom-serializer?sponsor=1"
      }
    },
    "node_modules/domelementtype": {
      "version": "2.3.0",
      "funding": [
        {
          "type": "github",
          "url": "https://github.com/sponsors/fb55"
        }
      ],
      "license": "BSD-2-Clause"
    },
    "node_modules/domhandler": {
      "version": "5.0.3",
      "license": "BSD-2-Clause",
      "dependencies": {
        "domelementtype": "^2.3.0"
      },
      "engines": {
        "node": ">= 4"
      },
      "funding": {
        "url": "https://github.com/fb55/domhandler?sponsor=1"
      }
    },
    "node_modules/domutils": {
      "version": "3.0.1",
      "license": "BSD-2-Clause",
      "dependencies": {
        "dom-serializer": "^2.0.0",
        "domelementtype": "^2.3.0",
        "domhandler": "^5.0.1"
      },
      "funding": {
        "url": "https://github.com/fb55/domutils?sponsor=1"
      }
    },
    "node_modules/entities": {
      "version": "4.4.0",
      "license": "BSD-2-Clause",
      "engines": {
        "node": ">=0.12"
      },
      "funding": {
        "url": "https://github.com/fb55/entities?sponsor=1"
      }
    },
    "node_modules/escape-string-regexp": {
      "version": "4.0.0",
      "resolved": "https://registry.npmjs.org/escape-string-regexp/-/escape-string-regexp-4.0.0.tgz",
      "integrity": "sha512-TtpcNJ3XAzx3Gq8sWRzJaVajRs0uVxA2YAkdb1jm2YkPz4G6egUFAyA3n5vtEIZefPk5Wa4UXbKuS5fKkJWdgA==",
      "engines": {
        "node": ">=10"
      },
      "funding": {
        "url": "https://github.com/sponsors/sindresorhus"
      }
    },
    "node_modules/fast-deep-equal": {
      "version": "3.1.3",
      "resolved": "https://registry.npmjs.org/fast-deep-equal/-/fast-deep-equal-3.1.3.tgz",
      "integrity": "sha512-f3qQ9oQy9j2AhBe/H9VC91wLmKBCCU/gDOnKNAYG5hswO7BLKj09Hc5HYNz9cGI++xlpDCIgDaitVs03ATR84Q=="
    },
    "node_modules/filter-obj": {
      "version": "1.1.0",
      "resolved": "https://registry.npmjs.org/filter-obj/-/filter-obj-1.1.0.tgz",
      "integrity": "sha512-8rXg1ZnX7xzy2NGDVkBVaAy+lSlPNwad13BtgSlLuxfIslyt5Vg64U7tFcCt4WS1R0hvtnQybT/IyCkGZ3DpXQ==",
      "engines": {
        "node": ">=0.10.0"
      }
    },
    "node_modules/has-flag": {
      "version": "4.0.0",
      "license": "MIT",
      "engines": {
        "node": ">=8"
      }
    },
    "node_modules/indent-string": {
      "version": "4.0.0",
      "license": "MIT",
      "engines": {
        "node": ">=8"
      }
    },
    "node_modules/is-plain-obj": {
      "version": "2.1.0",
      "license": "MIT",
      "engines": {
        "node": ">=8"
      }
    },
    "node_modules/jest-diff": {
      "version": "29.4.1",
      "license": "MIT",
      "dependencies": {
        "chalk": "^4.0.0",
        "diff-sequences": "^29.3.1",
        "jest-get-type": "^29.2.0",
        "pretty-format": "^29.4.1"
      },
      "engines": {
        "node": "^14.15.0 || ^16.10.0 || >=18.0.0"
      }
    },
    "node_modules/jest-get-type": {
      "version": "29.2.0",
      "license": "MIT",
      "engines": {
        "node": "^14.15.0 || ^16.10.0 || >=18.0.0"
      }
    },
    "node_modules/jest-matcher-utils": {
      "version": "29.4.1",
      "license": "MIT",
      "dependencies": {
        "chalk": "^4.0.0",
        "jest-diff": "^29.4.1",
        "jest-get-type": "^29.2.0",
        "pretty-format": "^29.4.1"
      },
      "engines": {
        "node": "^14.15.0 || ^16.10.0 || >=18.0.0"
      }
    },
    "node_modules/js-tokens": {
      "version": "4.0.0",
      "license": "MIT"
    },
    "node_modules/loose-envify": {
      "version": "1.4.0",
      "license": "MIT",
      "dependencies": {
        "js-tokens": "^3.0.0 || ^4.0.0"
      },
      "bin": {
        "loose-envify": "cli.js"
      }
    },
    "node_modules/mdn-data": {
      "version": "2.0.14",
      "license": "CC0-1.0"
    },
    "node_modules/merge-options": {
      "version": "3.0.4",
      "license": "MIT",
      "dependencies": {
        "is-plain-obj": "^2.1.0"
      },
      "engines": {
        "node": ">=10"
      }
    },
    "node_modules/min-indent": {
      "version": "1.0.1",
      "license": "MIT",
      "engines": {
        "node": ">=4"
      }
    },
    "node_modules/nanoid": {
      "version": "3.3.4",
      "resolved": "https://registry.npmjs.org/nanoid/-/nanoid-3.3.4.tgz",
      "integrity": "sha512-MqBkQh/OHTS2egovRtLk45wEyNXwF+cokD+1YPf9u5VfJiRdAiRwB2froX5Co9Rh20xs4siNPm8naNotSD6RBw==",
      "bin": {
        "nanoid": "bin/nanoid.cjs"
      },
      "engines": {
        "node": "^10 || ^12 || ^13.7 || ^14 || >=15.0.1"
      }
    },
    "node_modules/nth-check": {
      "version": "2.1.1",
      "license": "BSD-2-Clause",
      "dependencies": {
        "boolbase": "^1.0.0"
      },
      "funding": {
        "url": "https://github.com/fb55/nth-check?sponsor=1"
      }
    },
    "node_modules/object-assign": {
      "version": "4.1.1",
      "license": "MIT",
      "peer": true,
      "engines": {
        "node": ">=0.10.0"
      }
    },
    "node_modules/pretty-format": {
      "version": "29.4.1",
      "license": "MIT",
      "dependencies": {
        "@jest/schemas": "^29.4.0",
        "ansi-styles": "^5.0.0",
        "react-is": "^18.0.0"
      },
      "engines": {
        "node": "^14.15.0 || ^16.10.0 || >=18.0.0"
      }
    },
    "node_modules/pretty-format/node_modules/ansi-styles": {
      "version": "5.2.0",
      "license": "MIT",
      "engines": {
        "node": ">=10"
      },
      "funding": {
        "url": "https://github.com/chalk/ansi-styles?sponsor=1"
      }
    },
    "node_modules/pretty-format/node_modules/react-is": {
      "version": "18.2.0",
      "license": "MIT"
    },
    "node_modules/query-string": {
      "version": "7.1.3",
      "resolved": "https://registry.npmjs.org/query-string/-/query-string-7.1.3.tgz",
      "integrity": "sha512-hh2WYhq4fi8+b+/2Kg9CEge4fDPvHS534aOOvOZeQ3+Vf2mCFsaFBYj0i+iXcAq6I9Vzp5fjMFBlONvayDC1qg==",
      "dependencies": {
        "decode-uri-component": "^0.2.2",
        "filter-obj": "^1.1.0",
        "split-on-first": "^1.0.0",
        "strict-uri-encode": "^2.0.0"
      },
      "engines": {
        "node": ">=6"
      },
      "funding": {
        "url": "https://github.com/sponsors/sindresorhus"
      }
    },
    "node_modules/react": {
      "version": "18.2.0",
      "license": "MIT",
      "dependencies": {
        "loose-envify": "^1.1.0"
      },
      "engines": {
        "node": ">=0.10.0"
      }
    },
    "node_modules/react-freeze": {
      "version": "1.0.3",
      "resolved": "https://registry.npmjs.org/react-freeze/-/react-freeze-1.0.3.tgz",
      "integrity": "sha512-ZnXwLQnGzrDpHBHiC56TXFXvmolPeMjTn1UOm610M4EXGzbEDR7oOIyS2ZiItgbs6eZc4oU/a0hpk8PrcKvv5g==",
      "engines": {
        "node": ">=10"
      },
      "peerDependencies": {
        "react": ">=17.0.0"
      }
    },
    "node_modules/react-is": {
      "version": "16.13.1",
      "license": "MIT"
    },
    "node_modules/react-native": {},
    "node_modules/react-native-config": {
      "version": "1.5.0",
      "license": "MIT",
      "peerDependencies": {
        "react-native-windows": ">=0.61"
      },
      "peerDependenciesMeta": {
        "react-native-windows": {
          "optional": true
        }
      }
    },
    "node_modules/react-native-safe-area-context": {
      "version": "4.5.0",
      "resolved": "https://registry.npmjs.org/react-native-safe-area-context/-/react-native-safe-area-context-4.5.0.tgz",
      "integrity": "sha512-0WORnk9SkREGUg2V7jHZbuN5x4vcxj/1B0QOcXJjdYWrzZHgLcUzYWWIUecUPJh747Mwjt/42RZDOaFn3L8kPQ==",
      "peerDependencies": {
        "react": "*",
        "react-native": "*"
      }
    },
    "node_modules/react-native-screens": {
      "version": "3.19.0",
      "resolved": "https://registry.npmjs.org/react-native-screens/-/react-native-screens-3.19.0.tgz",
      "integrity": "sha512-Ehsmy7jr3H3j5pmN+/FqsAaIAD+k+xkcdePfLcg4rYRbN5X7fJPgaqhcmiCcZ0YxsU8ttsstP9IvRLNQuIkRRA==",
      "dependencies": {
        "react-freeze": "^1.0.0",
        "warn-once": "^0.1.0"
      },
      "peerDependencies": {
        "react": "*",
        "react-native": "*"
      }
    },
    "node_modules/react-native-svg": {
      "version": "13.8.0",
      "license": "MIT",
      "dependencies": {
        "css-select": "^5.1.0",
        "css-tree": "^1.1.3"
      },
      "peerDependencies": {
        "react": "*",
        "react-native": "*"
      }
    },
    "node_modules/react-shallow-renderer": {
      "version": "16.15.0",
      "license": "MIT",
      "peer": true,
      "dependencies": {
        "object-assign": "^4.1.1",
        "react-is": "^16.12.0 || ^17.0.0 || ^18.0.0"
      },
      "peerDependencies": {
        "react": "^16.0.0 || ^17.0.0 || ^18.0.0"
      }
    },
    "node_modules/react-test-renderer": {
      "version": "18.2.0",
      "license": "MIT",
      "peer": true,
      "dependencies": {
        "react-is": "^18.2.0",
        "react-shallow-renderer": "^16.15.0",
        "scheduler": "^0.23.0"
      },
      "peerDependencies": {
        "react": "^18.2.0"
      }
    },
    "node_modules/react-test-renderer/node_modules/react-is": {
      "version": "18.2.0",
      "license": "MIT",
      "peer": true
    },
    "node_modules/redent": {
      "version": "3.0.0",
      "license": "MIT",
      "dependencies": {
        "indent-string": "^4.0.0",
        "strip-indent": "^3.0.0"
      },
      "engines": {
        "node": ">=8"
      }
    },
    "node_modules/scheduler": {
      "version": "0.23.0",
      "license": "MIT",
      "peer": true,
      "dependencies": {
        "loose-envify": "^1.1.0"
      }
    },
    "node_modules/split-on-first": {
      "version": "1.1.0",
      "resolved": "https://registry.npmjs.org/split-on-first/-/split-on-first-1.1.0.tgz",
      "integrity": "sha512-43ZssAJaMusuKWL8sKUBQXHWOpq8d6CfN/u1p4gUzfJkM05C8rxTmYrkIPTXapZpORA6LkkzcUulJ8FqA7Uudw==",
      "engines": {
        "node": ">=6"
      }
    },
    "node_modules/strict-uri-encode": {
      "version": "2.0.0",
      "resolved": "https://registry.npmjs.org/strict-uri-encode/-/strict-uri-encode-2.0.0.tgz",
      "integrity": "sha512-QwiXZgpRcKkhTj2Scnn++4PKtWsH0kpzZ62L2R6c/LUVYv7hVnZqcg2+sMuT6R7Jusu1vviK/MFsu6kNJfWlEQ==",
      "engines": {
        "node": ">=4"
      }
    },
    "node_modules/strip-indent": {
      "version": "3.0.0",
      "license": "MIT",
      "dependencies": {
        "min-indent": "^1.0.0"
      },
      "engines": {
        "node": ">=8"
      }
    },
    "node_modules/supports-color": {
      "version": "7.2.0",
      "license": "MIT",
      "dependencies": {
        "has-flag": "^4.0.0"
      },
      "engines": {
        "node": ">=8"
      }
    },
    "node_modules/use-latest-callback": {
      "version": "0.1.5",
      "resolved": "https://registry.npmjs.org/use-latest-callback/-/use-latest-callback-0.1.5.tgz",
      "integrity": "sha512-HtHatS2U4/h32NlkhupDsPlrbiD27gSH5swBdtXbCAlc6pfOFzaj0FehW/FO12rx8j2Vy4/lJScCiJyM01E+bQ=="
    },
    "node_modules/warn-once": {
      "version": "0.1.1",
      "resolved": "https://registry.npmjs.org/warn-once/-/warn-once-0.1.1.tgz",
      "integrity": "sha512-VkQZJbO8zVImzYFteBXvBOZEl1qL175WH8VmZcxF2fZAoudNhNDvHi+doCaAEdU2l2vtcIwa2zn0QK5+I1HQ3Q=="
    }
  },
  "dependencies": {
    "@jest/schemas": {
      "version": "29.4.0",
      "requires": {
        "@sinclair/typebox": "^0.25.16"
      }
    },
    "@react-native-async-storage/async-storage": {
      "version": "1.17.11",
      "requires": {
        "merge-options": "^3.0.4"
      }
    },
    "@react-navigation/core": {
      "version": "6.4.6",
      "resolved": "https://registry.npmjs.org/@react-navigation/core/-/core-6.4.6.tgz",
      "integrity": "sha512-6zaAgUT5k4vhJlddUk2l52RZyMkMelHdrRv1cL57ALi2RZzERdgmbiMKhJerxFLn9S8E3PUe8vwxHzjHOZKG4w==",
      "requires": {
        "@react-navigation/routers": "^6.1.6",
        "escape-string-regexp": "^4.0.0",
        "nanoid": "^3.1.23",
        "query-string": "^7.1.3",
        "react-is": "^16.13.0",
        "use-latest-callback": "^0.1.5"
      }
    },
    "@react-navigation/elements": {
      "version": "1.3.14",
      "resolved": "https://registry.npmjs.org/@react-navigation/elements/-/elements-1.3.14.tgz",
      "integrity": "sha512-RBbPhYq+KNFPAkWPaHB9gypq0jTGp/0fkMwRLToJ8jkLtWG4LV+JoQ/erFQnVARkR3Q807n0VnES15EYP4ITMQ==",
      "requires": {}
    },
    "@react-navigation/native": {
      "version": "6.1.3",
      "resolved": "https://registry.npmjs.org/@react-navigation/native/-/native-6.1.3.tgz",
      "integrity": "sha512-DB5FyG6aqGfcjjVozljF5NEkjWaSymIbQHfWwsjL0YrvC1gfc7E53QXDOjxZ/wfbCo8qZs8RIC/LAgclP2YK/w==",
      "requires": {
        "@react-navigation/core": "^6.4.6",
        "escape-string-regexp": "^4.0.0",
        "fast-deep-equal": "^3.1.3",
        "nanoid": "^3.1.23"
      }
    },
    "@react-navigation/native-stack": {
      "version": "6.9.9",
      "resolved": "https://registry.npmjs.org/@react-navigation/native-stack/-/native-stack-6.9.9.tgz",
      "integrity": "sha512-FIbTCEjqAt6guQ90lKIDvOfTo5vtKGG+aQTtHMdTV9JLGnS6gFsBgXmv5hvWLkyd426Nc04mpZXPTK7d80v/LQ==",
      "requires": {
        "@react-navigation/elements": "^1.3.14",
        "warn-once": "^0.1.0"
      }
    },
    "@react-navigation/routers": {
      "version": "6.1.6",
      "resolved": "https://registry.npmjs.org/@react-navigation/routers/-/routers-6.1.6.tgz",
      "integrity": "sha512-Z5DeCW3pUvMafbU9Cjy1qJYC2Bvl8iy3+PfsB0DsAwQ6zZ3WAXW5FTMX4Gb9H+Jg6qHWGbMFFwlYpS3UJ3tlVQ==",
      "requires": {
        "nanoid": "^3.1.23"
      }
    },
    "@sinclair/typebox": {
      "version": "0.25.21"
    },
    "@testing-library/jest-native": {
      "version": "5.4.1",
      "requires": {
        "chalk": "^4.1.2",
        "jest-diff": "^29.0.1",
        "jest-matcher-utils": "^29.0.1",
        "pretty-format": "^29.0.3",
        "redent": "^3.0.0"
      }
    },
    "@testing-library/react-native": {
      "version": "11.5.1",
      "requires": {
        "pretty-format": "^29.4.0"
      }
    },
    "ansi-styles": {
      "version": "4.3.0",
      "requires": {
        "color-convert": "^2.0.1"
      }
    },
    "boolbase": {
      "version": "1.0.0"
    },
    "chalk": {
      "version": "4.1.2",
      "requires": {
        "ansi-styles": "^4.1.0",
        "supports-color": "^7.1.0"
      }
    },
    "color-convert": {
      "version": "2.0.1",
      "requires": {
        "color-name": "~1.1.4"
      }
    },
    "color-name": {
      "version": "1.1.4"
    },
    "css-select": {
      "version": "5.1.0",
      "requires": {
        "boolbase": "^1.0.0",
        "css-what": "^6.1.0",
        "domhandler": "^5.0.2",
        "domutils": "^3.0.1",
        "nth-check": "^2.0.1"
      }
    },
    "css-tree": {
      "version": "1.1.3",
      "requires": {
        "mdn-data": "2.0.14",
        "source-map": "^0.6.1"
      },
      "dependencies": {
        "source-map": {
          "version": "0.6.1"
        }
      }
    },
    "css-what": {
      "version": "6.1.0"
    },
    "decode-uri-component": {
      "version": "0.2.2"
    },
    "diff-sequences": {
      "version": "29.3.1"
    },
    "dom-serializer": {
      "version": "2.0.0",
      "requires": {
        "domelementtype": "^2.3.0",
        "domhandler": "^5.0.2",
        "entities": "^4.2.0"
      }
    },
    "domelementtype": {
      "version": "2.3.0"
    },
    "domhandler": {
      "version": "5.0.3",
      "requires": {
        "domelementtype": "^2.3.0"
      }
    },
    "domutils": {
      "version": "3.0.1",
      "requires": {
        "dom-serializer": "^2.0.0",
        "domelementtype": "^2.3.0",
        "domhandler": "^5.0.1"
      }
    },
    "entities": {
      "version": "4.4.0"
    },
    "escape-string-regexp": {
      "version": "4.0.0",
      "resolved": "https://registry.npmjs.org/escape-string-regexp/-/escape-string-regexp-4.0.0.tgz",
      "integrity": "sha512-TtpcNJ3XAzx3Gq8sWRzJaVajRs0uVxA2YAkdb1jm2YkPz4G6egUFAyA3n5vtEIZefPk5Wa4UXbKuS5fKkJWdgA=="
    },
    "fast-deep-equal": {
      "version": "3.1.3",
      "resolved": "https://registry.npmjs.org/fast-deep-equal/-/fast-deep-equal-3.1.3.tgz",
      "integrity": "sha512-f3qQ9oQy9j2AhBe/H9VC91wLmKBCCU/gDOnKNAYG5hswO7BLKj09Hc5HYNz9cGI++xlpDCIgDaitVs03ATR84Q=="
    },
    "filter-obj": {
      "version": "1.1.0",
      "resolved": "https://registry.npmjs.org/filter-obj/-/filter-obj-1.1.0.tgz",
      "integrity": "sha512-8rXg1ZnX7xzy2NGDVkBVaAy+lSlPNwad13BtgSlLuxfIslyt5Vg64U7tFcCt4WS1R0hvtnQybT/IyCkGZ3DpXQ=="
    },
    "has-flag": {
      "version": "4.0.0"
    },
    "indent-string": {
      "version": "4.0.0"
    },
    "is-plain-obj": {
      "version": "2.1.0"
    },
    "jest-diff": {
      "version": "29.4.1",
      "requires": {
        "chalk": "^4.0.0",
        "diff-sequences": "^29.3.1",
        "jest-get-type": "^29.2.0",
        "pretty-format": "^29.4.1"
      }
    },
    "jest-get-type": {
      "version": "29.2.0"
    },
    "jest-matcher-utils": {
      "version": "29.4.1",
      "requires": {
        "chalk": "^4.0.0",
        "jest-diff": "^29.4.1",
        "jest-get-type": "^29.2.0",
        "pretty-format": "^29.4.1"
      }
    },
    "js-tokens": {
      "version": "4.0.0"
    },
    "loose-envify": {
      "version": "1.4.0",
      "requires": {
        "js-tokens": "^3.0.0 || ^4.0.0"
      }
    },
    "mdn-data": {
      "version": "2.0.14"
    },
    "merge-options": {
      "version": "3.0.4",
      "requires": {
        "is-plain-obj": "^2.1.0"
      }
    },
    "min-indent": {
      "version": "1.0.1"
    },
    "nanoid": {
      "version": "3.3.4",
      "resolved": "https://registry.npmjs.org/nanoid/-/nanoid-3.3.4.tgz",
      "integrity": "sha512-MqBkQh/OHTS2egovRtLk45wEyNXwF+cokD+1YPf9u5VfJiRdAiRwB2froX5Co9Rh20xs4siNPm8naNotSD6RBw=="
    },
    "nth-check": {
      "version": "2.1.1",
      "requires": {
        "boolbase": "^1.0.0"
      }
    },
    "object-assign": {
      "version": "4.1.1",
      "peer": true
    },
    "pretty-format": {
      "version": "29.4.1",
      "requires": {
        "@jest/schemas": "^29.4.0",
        "ansi-styles": "^5.0.0",
        "react-is": "^18.0.0"
      },
      "dependencies": {
        "ansi-styles": {
          "version": "5.2.0"
        },
        "react-is": {
          "version": "18.2.0"
        }
      }
    },
    "query-string": {
      "version": "7.1.3",
      "resolved": "https://registry.npmjs.org/query-string/-/query-string-7.1.3.tgz",
      "integrity": "sha512-hh2WYhq4fi8+b+/2Kg9CEge4fDPvHS534aOOvOZeQ3+Vf2mCFsaFBYj0i+iXcAq6I9Vzp5fjMFBlONvayDC1qg==",
      "requires": {
        "decode-uri-component": "^0.2.2",
        "filter-obj": "^1.1.0",
        "split-on-first": "^1.0.0",
        "strict-uri-encode": "^2.0.0"
      }
    },
    "react": {
      "version": "18.2.0",
      "requires": {
        "loose-envify": "^1.1.0"
      }
    },
    "react-freeze": {
      "version": "1.0.3",
      "resolved": "https://registry.npmjs.org/react-freeze/-/react-freeze-1.0.3.tgz",
      "integrity": "sha512-ZnXwLQnGzrDpHBHiC56TXFXvmolPeMjTn1UOm610M4EXGzbEDR7oOIyS2ZiItgbs6eZc4oU/a0hpk8PrcKvv5g==",
      "requires": {}
    },
    "react-is": {
      "version": "16.13.1"
    },
    "react-native": {},
    "react-native-config": {
      "version": "1.5.0",
      "requires": {}
    },
    "react-native-safe-area-context": {
      "version": "4.5.0",
      "resolved": "https://registry.npmjs.org/react-native-safe-area-context/-/react-native-safe-area-context-4.5.0.tgz",
      "integrity": "sha512-0WORnk9SkREGUg2V7jHZbuN5x4vcxj/1B0QOcXJjdYWrzZHgLcUzYWWIUecUPJh747Mwjt/42RZDOaFn3L8kPQ==",
      "requires": {}
    },
    "react-native-screens": {
      "version": "3.19.0",
      "resolved": "https://registry.npmjs.org/react-native-screens/-/react-native-screens-3.19.0.tgz",
      "integrity": "sha512-Ehsmy7jr3H3j5pmN+/FqsAaIAD+k+xkcdePfLcg4rYRbN5X7fJPgaqhcmiCcZ0YxsU8ttsstP9IvRLNQuIkRRA==",
      "requires": {
        "react-freeze": "^1.0.0",
        "warn-once": "^0.1.0"
      }
    },
    "react-native-svg": {
      "version": "13.8.0",
      "requires": {
        "css-select": "^5.1.0",
        "css-tree": "^1.1.3"
      }
    },
    "react-shallow-renderer": {
      "version": "16.15.0",
      "peer": true,
      "requires": {
        "object-assign": "^4.1.1",
        "react-is": "^16.12.0 || ^17.0.0 || ^18.0.0"
      }
    },
    "react-test-renderer": {
      "version": "18.2.0",
      "peer": true,
      "requires": {
        "react-is": "^18.2.0",
        "react-shallow-renderer": "^16.15.0",
        "scheduler": "^0.23.0"
      },
      "dependencies": {
        "react-is": {
          "version": "18.2.0",
          "peer": true
        }
      }
    },
    "redent": {
      "version": "3.0.0",
      "requires": {
        "indent-string": "^4.0.0",
        "strip-indent": "^3.0.0"
      }
    },
    "scheduler": {
      "version": "0.23.0",
      "peer": true,
      "requires": {
        "loose-envify": "^1.1.0"
      }
    },
    "split-on-first": {
      "version": "1.1.0",
      "resolved": "https://registry.npmjs.org/split-on-first/-/split-on-first-1.1.0.tgz",
      "integrity": "sha512-43ZssAJaMusuKWL8sKUBQXHWOpq8d6CfN/u1p4gUzfJkM05C8rxTmYrkIPTXapZpORA6LkkzcUulJ8FqA7Uudw=="
    },
    "strict-uri-encode": {
      "version": "2.0.0",
      "resolved": "https://registry.npmjs.org/strict-uri-encode/-/strict-uri-encode-2.0.0.tgz",
      "integrity": "sha512-QwiXZgpRcKkhTj2Scnn++4PKtWsH0kpzZ62L2R6c/LUVYv7hVnZqcg2+sMuT6R7Jusu1vviK/MFsu6kNJfWlEQ=="
    },
    "strip-indent": {
      "version": "3.0.0",
      "requires": {
        "min-indent": "^1.0.0"
      }
    },
    "supports-color": {
      "version": "7.2.0",
      "requires": {
        "has-flag": "^4.0.0"
      }
    },
    "use-latest-callback": {
      "version": "0.1.5",
      "resolved": "https://registry.npmjs.org/use-latest-callback/-/use-latest-callback-0.1.5.tgz",
      "integrity": "sha512-HtHatS2U4/h32NlkhupDsPlrbiD27gSH5swBdtXbCAlc6pfOFzaj0FehW/FO12rx8j2Vy4/lJScCiJyM01E+bQ=="
    },
    "warn-once": {
      "version": "0.1.1",
      "resolved": "https://registry.npmjs.org/warn-once/-/warn-once-0.1.1.tgz",
      "integrity": "sha512-VkQZJbO8zVImzYFteBXvBOZEl1qL175WH8VmZcxF2fZAoudNhNDvHi+doCaAEdU2l2vtcIwa2zn0QK5+I1HQ3Q=="
    }
  }
}
